
Microsoft Visual Studio Solution File, Format Version 12.00
# Visual Studio Version 16
VisualStudioVersion = 16.0.30524.135
MinimumVisualStudioVersion = 10.0.40219.1
Project("{9A19103F-16F7-4668-BE54-9A1E7A4F7556}") = "Cart", "Cart\Cart.csproj", "{132A48E1-987F-4040-9D8A-0E54485496F8}"
EndProject
Project("{9A19103F-16F7-4668-BE54-9A1E7A4F7556}") = "Shipping", "Shipping\Shipping.csproj", "{1B64AADC-BD8A-4E9D-9BCC-7F0FB2D25646}"
EndProject
Project("{9A19103F-16F7-4668-BE54-9A1E7A4F7556}") = "Email", "Email\Email.csproj", "{3B5C46AE-4F59-4750-A09F-D599DB232427}"
EndProject
Project("{2150E333-8FDC-42A3-9474-1A3956D46DE8}") = "Global", "Global", "{123E3998-72F0-48D5-84D8-460A45D4EDE8}"
	ProjectSection(SolutionItems) = preProject
		Start-Apps.ps1 = Start-Apps.ps1
		Start-AppsCompetingConsumers.ps1 = Start-AppsCompetingConsumers.ps1
	EndProjectSection
EndProject
Global
	GlobalSection(SolutionConfigurationPlatforms) = preSolution
		Debug|Any CPU = Debug|Any CPU
		Release|Any CPU = Release|Any CPU
	EndGlobalSection
	GlobalSection(ProjectConfigurationPlatforms) = postSolution
		{132A48E1-987F-4040-9D8A-0E54485496F8}.Debug|Any CPU.ActiveCfg = Debug|Any CPU
		{132A48E1-987F-4040-9D8A-0E54485496F8}.Debug|Any CPU.Build.0 = Debug|Any CPU
		{132A48E1-987F-4040-9D8A-0E54485496F8}.Release|Any CPU.ActiveCfg = Release|Any CPU
		{132A48E1-987F-4040-9D8A-0E54485496F8}.Release|Any CPU.Build.0 = Release|Any CPU
		{1B64AADC-BD8A-4E9D-9BCC-7F0FB2D25646}.Debug|Any CPU.ActiveCfg = Debug|Any CPU
		{1B64AADC-BD8A-4E9D-9BCC-7F0FB2D25646}.Debug|Any CPU.Build.0 = Debug|Any CPU
		{1B64AADC-BD8A-4E9D-9BCC-7F0FB2D25646}.Release|Any CPU.ActiveCfg = Release|Any CPU
		{1B64AADC-BD8A-4E9D-9BCC-7F0FB2D25646}.Release|Any CPU.Build.0 = Release|Any CPU
		{3B5C46AE-4F59-4750-A09F-D599DB232427}.Debug|Any CPU.ActiveCfg = Debug|Any CPU
		{3B5C46AE-4F59-4750-A09F-D599DB232427}.Debug|Any CPU.Build.0 = Debug|Any CPU
		{3B5C46AE-4F59-4750-A09F-D599DB232427}.Release|Any CPU.ActiveCfg = Release|Any CPU
		{3B5C46AE-4F59-4750-A09F-D599DB232427}.Release|Any CPU.Build.0 = Release|Any CPU
	EndGlobalSection
	GlobalSection(SolutionProperties) = preSolution
		HideSolutionNode = FALSE
	EndGlobalSection
	GlobalSection(ExtensibilityGlobals) = postSolution
		SolutionGuid = {87D953E6-6421-4E7E-863C-E28DA8EF2B01}
	EndGlobalSection
EndGlobal
