
Microsoft Visual Studio Solution File, Format Version 12.00
# Visual Studio Version 16
VisualStudioVersion = 16.0.30524.135
MinimumVisualStudioVersion = 10.0.40219.1
Project("{9A19103F-16F7-4668-BE54-9A1E7A4F7556}") = "Cart", "Cart\Cart.csproj", "{A183B590-4270-4795-A8F3-255C42176844}"
EndProject
Project("{2150E333-8FDC-42A3-9474-1A3956D46DE8}") = "Global", "Global", "{F8253C44-B266-4B19-9530-689EC0421498}"
	ProjectSection(SolutionItems) = preProject
		Start-Apps.ps1 = Start-Apps.ps1
	EndProjectSection
EndProject
Project("{9A19103F-16F7-4668-BE54-9A1E7A4F7556}") = "Frontend", "Frontend\Frontend.csproj", "{DBDC93FE-3AFC-4B6D-9376-2A0673466D98}"
EndProject
Global
	GlobalSection(SolutionConfigurationPlatforms) = preSolution
		Debug|Any CPU = Debug|Any CPU
		Release|Any CPU = Release|Any CPU
	EndGlobalSection
	GlobalSection(ProjectConfigurationPlatforms) = postSolution
		{A183B590-4270-4795-A8F3-255C42176844}.Debug|Any CPU.ActiveCfg = Debug|Any CPU
		{A183B590-4270-4795-A8F3-255C42176844}.Debug|Any CPU.Build.0 = Debug|Any CPU
		{A183B590-4270-4795-A8F3-255C42176844}.Release|Any CPU.ActiveCfg = Release|Any CPU
		{A183B590-4270-4795-A8F3-255C42176844}.Release|Any CPU.Build.0 = Release|Any CPU
		{DBDC93FE-3AFC-4B6D-9376-2A0673466D98}.Debug|Any CPU.ActiveCfg = Debug|Any CPU
		{DBDC93FE-3AFC-4B6D-9376-2A0673466D98}.Debug|Any CPU.Build.0 = Debug|Any CPU
		{DBDC93FE-3AFC-4B6D-9376-2A0673466D98}.Release|Any CPU.ActiveCfg = Release|Any CPU
		{DBDC93FE-3AFC-4B6D-9376-2A0673466D98}.Release|Any CPU.Build.0 = Release|Any CPU
	EndGlobalSection
	GlobalSection(SolutionProperties) = preSolution
		HideSolutionNode = FALSE
	EndGlobalSection
	GlobalSection(ExtensibilityGlobals) = postSolution
		SolutionGuid = {3E9EF04C-5BC1-489E-BB8E-48DD0304F5CC}
	EndGlobalSection
EndGlobal
